{
  "object": {
    "pins": [
      {
        "package": "_Differentiation",
        "repositoryURL": "https://github.com/philipturner/differentiation",
        "state": {
          "branch": "main",
          "revision": "33bea3f838577ff001135d4b52a3dbba3250e791",
          "version": null
        }
      }
    ]
  },
  "version": 1
}
